<?xml version="1.0" encoding="utf-8"?>
<Project ToolsVersion="4.0" xmlns="http://schemas.microsoft.com/developer/msbuild/2003">
  <ItemGroup>
    <Filter Include="소스 파일">
      <UniqueIdentifier>{4FC737F1-C7A5-4376-A066-2A32D752A2FF}</UniqueIdentifier>
      <Extensions>cpp;c;cc;cxx;c++;cppm;ixx;def;odl;idl;hpj;bat;asm;asmx</Extensions>
    </Filter>
    <Filter Include="헤더 파일">
      <UniqueIdentifier>{93995380-89BD-4b04-88EB-625FBE52EBFB}</UniqueIdentifier>
      <Extensions>h;hh;hpp;hxx;h++;hm;inl;inc;ipp;xsd</Extensions>
    </Filter>
    <Filter Include="리소스 파일">
      <UniqueIdentifier>{67DA6AB6-F800-4c08-8B7A-83BB121AAD01}</UniqueIdentifier>
      <Extensions>rc;ico;cur;bmp;dlg;rc2;rct;bin;rgs;gif;jpg;jpeg;jpe;resx;tiff;tif;png;wav;mfcribbon-ms</Extensions>
    </Filter>
    <Filter Include="소스 파일\Homework">
      <UniqueIdentifier>{91c8cbf4-2fe1-47e4-a50b-931919148f73}</UniqueIdentifier>
    </Filter>
    <Filter Include="소스 파일\Homework\Hw1">
      <UniqueIdentifier>{7c81f15c-760a-4ff9-82a4-c7de090a256d}</UniqueIdentifier>
    </Filter>
    <Filter Include="소스 파일\Homework\Hw2">
      <UniqueIdentifier>{41ada6e3-8979-4f81-99e1-a951ae31b8e0}</UniqueIdentifier>
    </Filter>
    <Filter Include="소스 파일\Pratice">
      <UniqueIdentifier>{f3c37e07-56f7-478b-a258-ff4076c05ef5}</UniqueIdentifier>
    </Filter>
    <Filter Include="소스 파일\Pratice\BaekJoon.1">
      <UniqueIdentifier>{d2be9e09-5d39-4eca-bf8f-6c4eff06ae30}</UniqueIdentifier>
    </Filter>
    <Filter Include="소스 파일\Pratice\BaekJoon.2">
      <UniqueIdentifier>{dc4b179d-8d77-4c55-a095-810a2b0d5166}</UniqueIdentifier>
    </Filter>
    <Filter Include="소스 파일\Pratice\BaekJoon.3">
      <UniqueIdentifier>{13064562-f869-4ff3-bcf2-98636f5919e4}</UniqueIdentifier>
    </Filter>
    <Filter Include="소스 파일\Pratice\BaekJoon.4">
      <UniqueIdentifier>{92b7fa9c-5777-421d-9ef8-006c95de06ee}</UniqueIdentifier>
    </Filter>
    <Filter Include="소스 파일\Pratice\BaekJoon.5">
      <UniqueIdentifier>{598ab9fc-da2b-4a86-b995-c41c485b6e91}</UniqueIdentifier>
    </Filter>
    <Filter Include="소스 파일\Pratice\BaekJoon.6">
      <UniqueIdentifier>{f965b8a1-8f39-4528-b675-1023f55fe4b4}</UniqueIdentifier>
    </Filter>
    <Filter Include="소스 파일\Pratice\BaekJoon.7">
      <UniqueIdentifier>{4dafe4cf-4259-4255-87b4-801f872c673b}</UniqueIdentifier>
    </Filter>
    <Filter Include="소스 파일\Lecture">
      <UniqueIdentifier>{3d80c59a-b068-45d4-96f9-9b42b09f0fd9}</UniqueIdentifier>
    </Filter>
  </ItemGroup>
  <ItemGroup>
    <ClCompile Include="Homework\Hw3\hw3-1.cpp">
      <Filter>소스 파일\Homework</Filter>
    </ClCompile>
    <ClCompile Include="Homework\Hw2\hw2-1.cpp">
      <Filter>소스 파일\Homework\Hw2</Filter>
    </ClCompile>
    <ClCompile Include="Homework\Hw2\hw2-2.cpp">
      <Filter>소스 파일\Homework\Hw2</Filter>
    </ClCompile>
    <ClCompile Include="Homework\Hw2\hw2-3.cpp">
      <Filter>소스 파일\Homework\Hw2</Filter>
    </ClCompile>
    <ClCompile Include="Homework\Hw2\hw2-4.cpp">
      <Filter>소스 파일\Homework\Hw2</Filter>
    </ClCompile>
    <ClCompile Include="Homework\Hw2\hw2-5.cpp">
      <Filter>소스 파일\Homework\Hw2</Filter>
    </ClCompile>
    <ClCompile Include="Homework\Hw1\hw1-1.cpp">
      <Filter>소스 파일\Homework\Hw1</Filter>
    </ClCompile>
    <ClCompile Include="Homework\Hw1\hw1-2.cpp">
      <Filter>소스 파일\Homework\Hw1</Filter>
    </ClCompile>
    <ClCompile Include="Homework\Hw1\hw1-3.cpp">
      <Filter>소스 파일\Homework\Hw1</Filter>
    </ClCompile>
    <ClCompile Include="Homework\Hw1\hw1-4.cpp">
      <Filter>소스 파일\Homework\Hw1</Filter>
    </ClCompile>
    <ClCompile Include="Homework\Hw1\hw1-5.cpp">
      <Filter>소스 파일\Homework\Hw1</Filter>
    </ClCompile>
    <ClCompile Include="Homework\Hw1\hw1-6.cpp">
      <Filter>소스 파일\Homework\Hw1</Filter>
    </ClCompile>
    <ClCompile Include="Homework\Hw3\hw3-6.cpp">
      <Filter>소스 파일</Filter>
    </ClCompile>
    <ClCompile Include="Homework\Hw3\hw3-2.cpp">
      <Filter>소스 파일</Filter>
    </ClCompile>
    <ClCompile Include="Homework\Hw3\hw3-3.cpp">
      <Filter>소스 파일</Filter>
    </ClCompile>
    <ClCompile Include="Homework\Hw3\hw3-4.cpp">
      <Filter>소스 파일</Filter>
    </ClCompile>
    <ClCompile Include="Homework\Hw3\hw3-5.cpp">
      <Filter>소스 파일</Filter>
    </ClCompile>
    <ClCompile Include="Homework\Hw3\hw3-7.cpp">
      <Filter>소스 파일</Filter>
    </ClCompile>
    <ClCompile Include="Homework\Practice.cpp">
      <Filter>소스 파일</Filter>
    </ClCompile>
    <ClCompile Include="A.cpp">
      <Filter>소스 파일</Filter>
    </ClCompile>
    <ClCompile Include="B.cpp">
      <Filter>소스 파일</Filter>
    </ClCompile>
    <ClCompile Include="C.cpp">
      <Filter>소스 파일</Filter>
    </ClCompile>
    <ClCompile Include="Lecture\Ch4\lecture4.cpp">
      <Filter>소스 파일</Filter>
    </ClCompile>
    <ClCompile Include="Lecture\Ch4\lecture4-1.cpp">
      <Filter>소스 파일</Filter>
    </ClCompile>
    <ClCompile Include="Homework\Hw4\hw4-1.cpp">
      <Filter>소스 파일</Filter>
    </ClCompile>
    <ClCompile Include="Homework\Hw4\hw4-2.cpp">
      <Filter>소스 파일</Filter>
    </ClCompile>
    <ClCompile Include="Homework\Hw4\hw4-3.cpp">
      <Filter>소스 파일</Filter>
    </ClCompile>
    <ClCompile Include="Homework\Hw4\hw4-4.cpp">
      <Filter>소스 파일</Filter>
    </ClCompile>
    <ClCompile Include="Homework\Hw4\hw4-5.cpp">
      <Filter>소스 파일</Filter>
    </ClCompile>
    <ClCompile Include="Lecture\Ch5\lecture5.cpp">
      <Filter>소스 파일</Filter>
    </ClCompile>
    <ClCompile Include="Homework\Hw5\hw5-1.cpp">
      <Filter>소스 파일</Filter>
    </ClCompile>
    <ClCompile Include="Homework\Hw5\hw5-2.cpp">
      <Filter>소스 파일</Filter>
    </ClCompile>
    <ClCompile Include="Homework\Hw5\hw5-3.cpp">
      <Filter>소스 파일</Filter>
    </ClCompile>
    <ClCompile Include="Homework\Hw5\hw5-4.cpp">
      <Filter>소스 파일</Filter>
    </ClCompile>
    <ClCompile Include="Homework\Hw5\hw5-5.cpp">
      <Filter>소스 파일</Filter>
    </ClCompile>
  </ItemGroup>
</Project>